github.com/yudihermawan/mod-say-hello v1.5.1 h1:GnRnEuIlErpoNz8BxnfopSKvbFr8Oc2S3CQz4lKBeDo=
github.com/yudihermawan/mod-say-hello v1.5.1/go.mod h1:VSUTB+updcOB+3XDa6XgfyDRLEaPcpxYH5nbWkq7d6A=
github.com/yudihermawan/mod-say-hello v1.5.2 h1:EO5aPunR+guoIJxIvpLhTrvlTg+wvzk4BU6IAb8E6NE=
github.com/yudihermawan/mod-say-hello v1.5.2/go.mod h1:VSUTB+updcOB+3XDa6XgfyDRLEaPcpxYH5nbWkq7d6A=
